
Microsoft Visual Studio Solution File, Format Version 12.00
# Visual Studio Version 16
VisualStudioVersion = 16.0.32630.194
MinimumVisualStudioVersion = 10.0.40219.1
Project("{FAE04EC0-301F-11D3-BF4B-00C04F79EFBC}") = "newapp", "newapp\newapp.csproj", "{DC13F0E8-4F04-43CB-ADA4-AC009BD0028A}"
EndProject
Global
	GlobalSection(SolutionConfigurationPlatforms) = preSolution
		Debug|Any CPU = Debug|Any CPU
		Release|Any CPU = Release|Any CPU
	EndGlobalSection
	GlobalSection(ProjectConfigurationPlatforms) = postSolution
		{DC13F0E8-4F04-43CB-ADA4-AC009BD0028A}.Debug|Any CPU.ActiveCfg = Debug|Any CPU
		{DC13F0E8-4F04-43CB-ADA4-AC009BD0028A}.Debug|Any CPU.Build.0 = Debug|Any CPU
		{DC13F0E8-4F04-43CB-ADA4-AC009BD0028A}.Release|Any CPU.ActiveCfg = Release|Any CPU
		{DC13F0E8-4F04-43CB-ADA4-AC009BD0028A}.Release|Any CPU.Build.0 = Release|Any CPU
	EndGlobalSection
	GlobalSection(SolutionProperties) = preSolution
		HideSolutionNode = FALSE
	EndGlobalSection
	GlobalSection(ExtensibilityGlobals) = postSolution
		SolutionGuid = {A3B86EBC-A8A7-43E6-B801-38441C5FE4B0}
	EndGlobalSection
EndGlobal
